
Microsoft Visual Studio Solution File, Format Version 12.00
# Visual Studio 15
VisualStudioVersion = 15.0.26124.0
MinimumVisualStudioVersion = 15.0.26124.0
Project("{FAE04EC0-301F-11D3-BF4B-00C04F79EFBC}") = "BADoc.Entities", "BADoc.Entities\BADoc.Entities.csproj", "{37CEA34A-49EE-402A-87DE-DE8611219713}"
EndProject
Project("{FAE04EC0-301F-11D3-BF4B-00C04F79EFBC}") = "BADoc.UseCases", "BADoc.UseCases\BADoc.UseCases.csproj", "{1111F890-7F0D-4ECB-B8C8-992BBA9B7B27}"
EndProject
Project("{FAE04EC0-301F-11D3-BF4B-00C04F79EFBC}") = "BADoc.Infrastructure", "BADoc.Infrastructure\BADoc.Infrastructure.csproj", "{6CCF6541-9903-4AA5-81B6-AFAD66C95D9B}"
EndProject
Project("{FAE04EC0-301F-11D3-BF4B-00C04F79EFBC}") = "BADoc.Web", "BADoc.Web\BADoc.Web.csproj", "{3F881F89-5753-455A-8419-C0D1838C7ABC}"
EndProject
Global
	GlobalSection(SolutionConfigurationPlatforms) = preSolution
		Debug|Any CPU = Debug|Any CPU
		Debug|x64 = Debug|x64
		Debug|x86 = Debug|x86
		Release|Any CPU = Release|Any CPU
		Release|x64 = Release|x64
		Release|x86 = Release|x86
	EndGlobalSection
	GlobalSection(SolutionProperties) = preSolution
		HideSolutionNode = FALSE
	EndGlobalSection
	GlobalSection(ProjectConfigurationPlatforms) = postSolution
		{37CEA34A-49EE-402A-87DE-DE8611219713}.Debug|Any CPU.ActiveCfg = Debug|Any CPU
		{37CEA34A-49EE-402A-87DE-DE8611219713}.Debug|Any CPU.Build.0 = Debug|Any CPU
		{37CEA34A-49EE-402A-87DE-DE8611219713}.Debug|x64.ActiveCfg = Debug|Any CPU
		{37CEA34A-49EE-402A-87DE-DE8611219713}.Debug|x64.Build.0 = Debug|Any CPU
		{37CEA34A-49EE-402A-87DE-DE8611219713}.Debug|x86.ActiveCfg = Debug|Any CPU
		{37CEA34A-49EE-402A-87DE-DE8611219713}.Debug|x86.Build.0 = Debug|Any CPU
		{37CEA34A-49EE-402A-87DE-DE8611219713}.Release|Any CPU.ActiveCfg = Release|Any CPU
		{37CEA34A-49EE-402A-87DE-DE8611219713}.Release|Any CPU.Build.0 = Release|Any CPU
		{37CEA34A-49EE-402A-87DE-DE8611219713}.Release|x64.ActiveCfg = Release|Any CPU
		{37CEA34A-49EE-402A-87DE-DE8611219713}.Release|x64.Build.0 = Release|Any CPU
		{37CEA34A-49EE-402A-87DE-DE8611219713}.Release|x86.ActiveCfg = Release|Any CPU
		{37CEA34A-49EE-402A-87DE-DE8611219713}.Release|x86.Build.0 = Release|Any CPU
		{1111F890-7F0D-4ECB-B8C8-992BBA9B7B27}.Debug|Any CPU.ActiveCfg = Debug|Any CPU
		{1111F890-7F0D-4ECB-B8C8-992BBA9B7B27}.Debug|Any CPU.Build.0 = Debug|Any CPU
		{1111F890-7F0D-4ECB-B8C8-992BBA9B7B27}.Debug|x64.ActiveCfg = Debug|Any CPU
		{1111F890-7F0D-4ECB-B8C8-992BBA9B7B27}.Debug|x64.Build.0 = Debug|Any CPU
		{1111F890-7F0D-4ECB-B8C8-992BBA9B7B27}.Debug|x86.ActiveCfg = Debug|Any CPU
		{1111F890-7F0D-4ECB-B8C8-992BBA9B7B27}.Debug|x86.Build.0 = Debug|Any CPU
		{1111F890-7F0D-4ECB-B8C8-992BBA9B7B27}.Release|Any CPU.ActiveCfg = Release|Any CPU
		{1111F890-7F0D-4ECB-B8C8-992BBA9B7B27}.Release|Any CPU.Build.0 = Release|Any CPU
		{1111F890-7F0D-4ECB-B8C8-992BBA9B7B27}.Release|x64.ActiveCfg = Release|Any CPU
		{1111F890-7F0D-4ECB-B8C8-992BBA9B7B27}.Release|x64.Build.0 = Release|Any CPU
		{1111F890-7F0D-4ECB-B8C8-992BBA9B7B27}.Release|x86.ActiveCfg = Release|Any CPU
		{1111F890-7F0D-4ECB-B8C8-992BBA9B7B27}.Release|x86.Build.0 = Release|Any CPU
		{6CCF6541-9903-4AA5-81B6-AFAD66C95D9B}.Debug|Any CPU.ActiveCfg = Debug|Any CPU
		{6CCF6541-9903-4AA5-81B6-AFAD66C95D9B}.Debug|Any CPU.Build.0 = Debug|Any CPU
		{6CCF6541-9903-4AA5-81B6-AFAD66C95D9B}.Debug|x64.ActiveCfg = Debug|Any CPU
		{6CCF6541-9903-4AA5-81B6-AFAD66C95D9B}.Debug|x64.Build.0 = Debug|Any CPU
		{6CCF6541-9903-4AA5-81B6-AFAD66C95D9B}.Debug|x86.ActiveCfg = Debug|Any CPU
		{6CCF6541-9903-4AA5-81B6-AFAD66C95D9B}.Debug|x86.Build.0 = Debug|Any CPU
		{6CCF6541-9903-4AA5-81B6-AFAD66C95D9B}.Release|Any CPU.ActiveCfg = Release|Any CPU
		{6CCF6541-9903-4AA5-81B6-AFAD66C95D9B}.Release|Any CPU.Build.0 = Release|Any CPU
		{6CCF6541-9903-4AA5-81B6-AFAD66C95D9B}.Release|x64.ActiveCfg = Release|Any CPU
		{6CCF6541-9903-4AA5-81B6-AFAD66C95D9B}.Release|x64.Build.0 = Release|Any CPU
		{6CCF6541-9903-4AA5-81B6-AFAD66C95D9B}.Release|x86.ActiveCfg = Release|Any CPU
		{6CCF6541-9903-4AA5-81B6-AFAD66C95D9B}.Release|x86.Build.0 = Release|Any CPU
		{3F881F89-5753-455A-8419-C0D1838C7ABC}.Debug|Any CPU.ActiveCfg = Debug|Any CPU
		{3F881F89-5753-455A-8419-C0D1838C7ABC}.Debug|Any CPU.Build.0 = Debug|Any CPU
		{3F881F89-5753-455A-8419-C0D1838C7ABC}.Debug|x64.ActiveCfg = Debug|Any CPU
		{3F881F89-5753-455A-8419-C0D1838C7ABC}.Debug|x64.Build.0 = Debug|Any CPU
		{3F881F89-5753-455A-8419-C0D1838C7ABC}.Debug|x86.ActiveCfg = Debug|Any CPU
		{3F881F89-5753-455A-8419-C0D1838C7ABC}.Debug|x86.Build.0 = Debug|Any CPU
		{3F881F89-5753-455A-8419-C0D1838C7ABC}.Release|Any CPU.ActiveCfg = Release|Any CPU
		{3F881F89-5753-455A-8419-C0D1838C7ABC}.Release|Any CPU.Build.0 = Release|Any CPU
		{3F881F89-5753-455A-8419-C0D1838C7ABC}.Release|x64.ActiveCfg = Release|Any CPU
		{3F881F89-5753-455A-8419-C0D1838C7ABC}.Release|x64.Build.0 = Release|Any CPU
		{3F881F89-5753-455A-8419-C0D1838C7ABC}.Release|x86.ActiveCfg = Release|Any CPU
		{3F881F89-5753-455A-8419-C0D1838C7ABC}.Release|x86.Build.0 = Release|Any CPU
	EndGlobalSection
EndGlobal
